version = 1
revision = 3
requires-python = ">=3.12"

[[package]]
name = "protobug"
version = "0.3.0"
source = { registry = "https://pypi.org/simple" }
sdist = { url = "https://files.pythonhosted.org/packages/0d/15/fd03441a3075e6fc847c6c5fe337be4ed80f0241c4162b8258b4e4889b55/protobug-0.3.0.tar.gz", hash = "sha256:64666a3053792be3a4d917f8db47a1828e35aa6ca5d948ed90d9bcb61cef84f2", size = 11878, upload-time = "2025-05-10T21:25:04.35Z" }
wheels = [
    { url = "https://files.pythonhosted.org/packages/f2/cc/db26b91cddffbcf0c6df7834fd642578f737fe34197635ae8ea64643a35f/protobug-0.3.0-py3-none-any.whl", hash = "sha256:ee81583f376bb38e5e7af425d2453e5e8d4b57bfbf45e5dba1a75329c202652e", size = 11680, upload-time = "2025-05-10T21:25:03.193Z" },
]

[[package]]
name = "radiko-recorder"
version = "1.0.0"
source = { editable = "." }
dependencies = [
    { name = "yt-dlp" },
    { name = "yt-dlp-rajiko" },
]

[package.metadata]
requires-dist = [
    { name = "yt-dlp", specifier = ">=2026.1.29" },
    { name = "yt-dlp-rajiko", specifier = ">=1.11" },
]

[package.metadata.requires-dev]
dev = []

[[package]]
name = "yt-dlp"
version = "2026.1.29"
source = { registry = "https://pypi.org/simple" }
sdist = { url = "https://files.pythonhosted.org/packages/42/b6/b401777f2fb16cb35bfc352079b8c5a60fbc8189c655539f51a9847d1e0b/yt_dlp-2026.1.29.tar.gz", hash = "sha256:12b489eb16828cc3fff1723f244992ebae8a5bf1ad75c8e9f01d729ae237ebb9", size = 3098668, upload-time = "2026-01-29T17:18:03.394Z" }
wheels = [
    { url = "https://files.pythonhosted.org/packages/0f/1d/696538eb18a9da3dd4b7772162cb3a6537723a56426a7452b98201c04bfd/yt_dlp-2026.1.29-py3-none-any.whl", hash = "sha256:08d0a25aead160c4787cbd0d2e82a269c75c8dbcfbfa729ce45ad52a8375fa1d", size = 3297510, upload-time = "2026-01-29T17:18:01.369Z" },
]

[[package]]
name = "yt-dlp-rajiko"
version = "1.11"
source = { registry = "https://pypi.org/simple" }
dependencies = [
    { name = "protobug" },
]
sdist = { url = "https://files.pythonhosted.org/packages/1a/23/a8d2797ec54ec4aa626a06d3c50407e8ab26d1293c77cd699badf43925b6/yt_dlp_rajiko-1.11.tar.gz", hash = "sha256:9ce82735f215c0da77750d4c6d64e2016c4e60ab38562667bfc1b1014bffe79a", size = 39506, upload-time = "2025-11-23T02:27:36.991Z" }
wheels = [
    { url = "https://files.pythonhosted.org/packages/ba/9d/fde8c713be483a6262e083d5cc489d95ae13aa466c511719e1d61a291268/yt_dlp_rajiko-1.11-py3-none-any.whl", hash = "sha256:809e9b9318629519e72343ca86edc4fce8fd530470b73b3122bfb8853b79c9fd", size = 38283, upload-time = "2025-11-23T02:27:35.315Z" },
]
